
Microsoft Visual Studio Solution File, Format Version 12.00
# Visual Studio Version 17
VisualStudioVersion = 17.4.33213.308
MinimumVisualStudioVersion = 10.0.40219.1
Project("{FAE04EC0-301F-11D3-BF4B-00C04F79EFBC}") = "ProductApi", "ProductApi.csproj", "{6DC91DC7-CF9E-4F06-BA7F-2A2ED0F0A947}"
EndProject
Global
	GlobalSection(SolutionConfigurationPlatforms) = preSolution
		Debug|Any CPU = Debug|Any CPU
		Release|Any CPU = Release|Any CPU
	EndGlobalSection
	GlobalSection(ProjectConfigurationPlatforms) = postSolution
		{6DC91DC7-CF9E-4F06-BA7F-2A2ED0F0A947}.Debug|Any CPU.ActiveCfg = Debug|Any CPU
		{6DC91DC7-CF9E-4F06-BA7F-2A2ED0F0A947}.Debug|Any CPU.Build.0 = Debug|Any CPU
		{6DC91DC7-CF9E-4F06-BA7F-2A2ED0F0A947}.Release|Any CPU.ActiveCfg = Release|Any CPU
		{6DC91DC7-CF9E-4F06-BA7F-2A2ED0F0A947}.Release|Any CPU.Build.0 = Release|Any CPU
	EndGlobalSection
	GlobalSection(SolutionProperties) = preSolution
		HideSolutionNode = FALSE
	EndGlobalSection
	GlobalSection(ExtensibilityGlobals) = postSolution
		SolutionGuid = {B7E33317-64BB-4C92-8FE4-961C73FB08F5}
	EndGlobalSection
EndGlobal
